{
  "version": 4,
  "terraform_version": "1.5.5",
  "serial": 1,
  "lineage": "5cd7ed6b-ed11-1788-deb9-a7186a76310f",
  "outputs": {},
  "resources": [
    {
      "mode": "managed",
      "type": "local_file",
      "name": "res",
      "provider": "provider[\"registry.terraform.io/hashicorp/local\"]",
      "instances": [
        {
          "schema_version": 0,
          "attributes": {
            "content": "Heyyyy\nHeyyyy\nHeyyyy",
            "content_base64": null,
            "content_base64sha256": "hwAGcU/ibgXL03y7TwBP3/9CaYWSCYH4yqG6sXMoKsI=",
            "content_base64sha512": "HRb9xcHxFZBHLZFvY8Ml6ZnA+bCUsh7a8zDkIBjJnR9u+etwCK0guekBABDcHIX0Jf5laV4rpbokk/PR31ZFxA==",
            "content_md5": "43dcd0317870cdfaaab5ab87399875ac",
            "content_sha1": "814b98f97a8f59f1bf447674b8ea75e5d9e0f1cc",
            "content_sha256": "870006714fe26e05cbd37cbb4f004fdfff426985920981f8caa1bab173282ac2",
            "content_sha512": "1d16fdc5c1f11590472d916f63c325e999c0f9b094b21edaf330e42018c99d1f6ef9eb7008ad20b9e9010010dc1c85f425fe65695e2ba5ba2493f3d1df5645c4",
            "directory_permission": "0777",
            "file_permission": "0777",
            "filename": "rajnish.txt",
            "id": "814b98f97a8f59f1bf447674b8ea75e5d9e0f1cc",
            "sensitive_content": null,
            "source": null
          },
          "sensitive_attributes": []
        }
      ]
    }
  ],
  "check_results": null
}
